Microsoft Visual Studio Solution File, Format Version 12.00
# Visual Studio 2012
Project("{2150E333-8FDC-42A3-9474-1A3956D46DE8}") = "Solution Items", "Solution Items", "{D4078DF1-17FF-40E2-A442-5AA32E546FA5}"
	ProjectSection(SolutionItems) = preProject
		Readme.txt = Readme.txt
	EndProjectSection
EndProject
Project("{FAE04EC0-301F-11D3-BF4B-00C04F79EFBC}") = "CLRProfiler", "CLRProfiler\CLRProfiler.csproj", "{147EF91E-C9E4-4E8E-B5E9-5D99D8DB3769}"
EndProject
Project("{8BC9CEB8-8B4A-11D0-8D11-00A0C91BC942}") = "ProfilerOBJ", "ProfilerOBJ\ProfilerOBJ.vcxproj", "{A1BCB61E-359F-46C8-89E1-26CD7E356880}"
EndProject
Project("{FAE04EC0-301F-11D3-BF4B-00C04F79EFBC}") = "CLRProfilerControl", "CLRProfilerControl\CLRProfilerControl.csproj", "{4A080E01-C48D-4E95-B8E7-280C32BCDAA9}"
EndProject
Project("{8BC9CEB8-8B4A-11D0-8D11-00A0C91BC942}") = "CLRProfilerWindowsStoreAppThreadResumer", "WindowsStoreAppThreadResumer\WindowsStoreAppThreadResumer.vcxproj", "{D145434B-8568-488B-9EFE-677C01BF2997}"
EndProject
Project("{FAE04EC0-301F-11D3-BF4B-00C04F79EFBC}") = "CLRProfilerWindowsStoreAppHelper", "WindowsStoreAppHelper\CLRProfilerWindowsStoreAppHelper.csproj", "{4D1CF008-15DF-408B-96C3-19531D09E96E}"
EndProject
Global
	GlobalSection(SolutionConfigurationPlatforms) = preSolution
		Debug|Any CPU = Debug|Any CPU
		Debug|Win32 = Debug|Win32
		Debug|x64 = Debug|x64
		Debug|x86 = Debug|x86
		Release|Any CPU = Release|Any CPU
		Release|Win32 = Release|Win32
		Release|x64 = Release|x64
		Release|x86 = Release|x86
	EndGlobalSection
	GlobalSection(ProjectConfigurationPlatforms) = postSolution
		{147EF91E-C9E4-4E8E-B5E9-5D99D8DB3769}.Debug|Any CPU.ActiveCfg = Debug|x86
		{147EF91E-C9E4-4E8E-B5E9-5D99D8DB3769}.Debug|Win32.ActiveCfg = Debug|x86
		{147EF91E-C9E4-4E8E-B5E9-5D99D8DB3769}.Debug|Win32.Build.0 = Debug|x86
		{147EF91E-C9E4-4E8E-B5E9-5D99D8DB3769}.Debug|x64.ActiveCfg = Debug|x64
		{147EF91E-C9E4-4E8E-B5E9-5D99D8DB3769}.Debug|x64.Build.0 = Debug|x64
		{147EF91E-C9E4-4E8E-B5E9-5D99D8DB3769}.Debug|x86.ActiveCfg = Debug|x86
		{147EF91E-C9E4-4E8E-B5E9-5D99D8DB3769}.Debug|x86.Build.0 = Debug|x86
		{147EF91E-C9E4-4E8E-B5E9-5D99D8DB3769}.Release|Any CPU.ActiveCfg = Release|x86
		{147EF91E-C9E4-4E8E-B5E9-5D99D8DB3769}.Release|Win32.ActiveCfg = Release|x86
		{147EF91E-C9E4-4E8E-B5E9-5D99D8DB3769}.Release|Win32.Build.0 = Release|x86
		{147EF91E-C9E4-4E8E-B5E9-5D99D8DB3769}.Release|x64.ActiveCfg = Release|x64
		{147EF91E-C9E4-4E8E-B5E9-5D99D8DB3769}.Release|x64.Build.0 = Release|x64
		{147EF91E-C9E4-4E8E-B5E9-5D99D8DB3769}.Release|x86.ActiveCfg = Release|x86
		{147EF91E-C9E4-4E8E-B5E9-5D99D8DB3769}.Release|x86.Build.0 = Release|x86
		{A1BCB61E-359F-46C8-89E1-26CD7E356880}.Debug|Any CPU.ActiveCfg = Debug|Win32
		{A1BCB61E-359F-46C8-89E1-26CD7E356880}.Debug|Win32.ActiveCfg = Debug|Win32
		{A1BCB61E-359F-46C8-89E1-26CD7E356880}.Debug|Win32.Build.0 = Debug|Win32
		{A1BCB61E-359F-46C8-89E1-26CD7E356880}.Debug|x64.ActiveCfg = Debug|x64
		{A1BCB61E-359F-46C8-89E1-26CD7E356880}.Debug|x64.Build.0 = Debug|x64
		{A1BCB61E-359F-46C8-89E1-26CD7E356880}.Debug|x86.ActiveCfg = Debug|Win32
		{A1BCB61E-359F-46C8-89E1-26CD7E356880}.Debug|x86.Build.0 = Debug|Win32
		{A1BCB61E-359F-46C8-89E1-26CD7E356880}.Release|Any CPU.ActiveCfg = Release|Win32
		{A1BCB61E-359F-46C8-89E1-26CD7E356880}.Release|Win32.ActiveCfg = Release|Win32
		{A1BCB61E-359F-46C8-89E1-26CD7E356880}.Release|Win32.Build.0 = Release|Win32
		{A1BCB61E-359F-46C8-89E1-26CD7E356880}.Release|x64.ActiveCfg = Release|x64
		{A1BCB61E-359F-46C8-89E1-26CD7E356880}.Release|x64.Build.0 = Release|x64
		{A1BCB61E-359F-46C8-89E1-26CD7E356880}.Release|x86.ActiveCfg = Release|Win32
		{A1BCB61E-359F-46C8-89E1-26CD7E356880}.Release|x86.Build.0 = Release|Win32
		{4A080E01-C48D-4E95-B8E7-280C32BCDAA9}.Debug|Any CPU.ActiveCfg = Debug|Any CPU
		{4A080E01-C48D-4E95-B8E7-280C32BCDAA9}.Debug|Any CPU.Build.0 = Debug|Any CPU
		{4A080E01-C48D-4E95-B8E7-280C32BCDAA9}.Debug|Win32.ActiveCfg = Debug|x86
		{4A080E01-C48D-4E95-B8E7-280C32BCDAA9}.Debug|Win32.Build.0 = Debug|x86
		{4A080E01-C48D-4E95-B8E7-280C32BCDAA9}.Debug|x64.ActiveCfg = Debug|x64
		{4A080E01-C48D-4E95-B8E7-280C32BCDAA9}.Debug|x64.Build.0 = Debug|x64
		{4A080E01-C48D-4E95-B8E7-280C32BCDAA9}.Debug|x86.ActiveCfg = Debug|x86
		{4A080E01-C48D-4E95-B8E7-280C32BCDAA9}.Debug|x86.Build.0 = Debug|x86
		{4A080E01-C48D-4E95-B8E7-280C32BCDAA9}.Release|Any CPU.ActiveCfg = Release|Any CPU
		{4A080E01-C48D-4E95-B8E7-280C32BCDAA9}.Release|Any CPU.Build.0 = Release|Any CPU
		{4A080E01-C48D-4E95-B8E7-280C32BCDAA9}.Release|Win32.ActiveCfg = Release|x86
		{4A080E01-C48D-4E95-B8E7-280C32BCDAA9}.Release|Win32.Build.0 = Release|x86
		{4A080E01-C48D-4E95-B8E7-280C32BCDAA9}.Release|x64.ActiveCfg = Release|x64
		{4A080E01-C48D-4E95-B8E7-280C32BCDAA9}.Release|x64.Build.0 = Release|x64
		{4A080E01-C48D-4E95-B8E7-280C32BCDAA9}.Release|x86.ActiveCfg = Release|x86
		{4A080E01-C48D-4E95-B8E7-280C32BCDAA9}.Release|x86.Build.0 = Release|x86
		{D145434B-8568-488B-9EFE-677C01BF2997}.Debug|Any CPU.ActiveCfg = Debug|Win32
		{D145434B-8568-488B-9EFE-677C01BF2997}.Debug|Win32.ActiveCfg = Debug|Win32
		{D145434B-8568-488B-9EFE-677C01BF2997}.Debug|Win32.Build.0 = Debug|Win32
		{D145434B-8568-488B-9EFE-677C01BF2997}.Debug|x64.ActiveCfg = Debug|x64
		{D145434B-8568-488B-9EFE-677C01BF2997}.Debug|x64.Build.0 = Debug|x64
		{D145434B-8568-488B-9EFE-677C01BF2997}.Debug|x86.ActiveCfg = Debug|Win32
		{D145434B-8568-488B-9EFE-677C01BF2997}.Debug|x86.Build.0 = Debug|Win32
		{D145434B-8568-488B-9EFE-677C01BF2997}.Release|Any CPU.ActiveCfg = Release|Win32
		{D145434B-8568-488B-9EFE-677C01BF2997}.Release|Win32.ActiveCfg = Release|Win32
		{D145434B-8568-488B-9EFE-677C01BF2997}.Release|Win32.Build.0 = Release|Win32
		{D145434B-8568-488B-9EFE-677C01BF2997}.Release|x64.ActiveCfg = Release|x64
		{D145434B-8568-488B-9EFE-677C01BF2997}.Release|x64.Build.0 = Release|x64
		{D145434B-8568-488B-9EFE-677C01BF2997}.Release|x86.ActiveCfg = Release|Win32
		{D145434B-8568-488B-9EFE-677C01BF2997}.Release|x86.Build.0 = Release|Win32
		{4D1CF008-15DF-408B-96C3-19531D09E96E}.Debug|Any CPU.ActiveCfg = Debug|Any CPU
		{4D1CF008-15DF-408B-96C3-19531D09E96E}.Debug|Any CPU.Build.0 = Debug|Any CPU
		{4D1CF008-15DF-408B-96C3-19531D09E96E}.Debug|Win32.ActiveCfg = Debug|x86
		{4D1CF008-15DF-408B-96C3-19531D09E96E}.Debug|Win32.Build.0 = Debug|x86
		{4D1CF008-15DF-408B-96C3-19531D09E96E}.Debug|x64.ActiveCfg = Debug|x64
		{4D1CF008-15DF-408B-96C3-19531D09E96E}.Debug|x64.Build.0 = Debug|x64
		{4D1CF008-15DF-408B-96C3-19531D09E96E}.Debug|x86.ActiveCfg = Debug|x86
		{4D1CF008-15DF-408B-96C3-19531D09E96E}.Debug|x86.Build.0 = Debug|x86
		{4D1CF008-15DF-408B-96C3-19531D09E96E}.Release|Any CPU.ActiveCfg = Release|Any CPU
		{4D1CF008-15DF-408B-96C3-19531D09E96E}.Release|Any CPU.Build.0 = Release|Any CPU
		{4D1CF008-15DF-408B-96C3-19531D09E96E}.Release|Win32.ActiveCfg = Release|x86
		{4D1CF008-15DF-408B-96C3-19531D09E96E}.Release|Win32.Build.0 = Release|x86
		{4D1CF008-15DF-408B-96C3-19531D09E96E}.Release|x64.ActiveCfg = Release|x64
		{4D1CF008-15DF-408B-96C3-19531D09E96E}.Release|x64.Build.0 = Release|x64
		{4D1CF008-15DF-408B-96C3-19531D09E96E}.Release|x86.ActiveCfg = Release|x86
		{4D1CF008-15DF-408B-96C3-19531D09E96E}.Release|x86.Build.0 = Release|x86
	EndGlobalSection
	GlobalSection(SolutionProperties) = preSolution
		HideSolutionNode = FALSE
	EndGlobalSection
	GlobalSection(Performance) = preSolution
		HasPerformanceSessions = true
	EndGlobalSection
EndGlobal
